dependencies:
- name: common
  repository: https://buckbuckgo.s3.ir-thr-at1.arvanstorage.com
  version: 1.3.7
- name: kibana-bitnami
  repository: https://buckbuckgo.s3.ir-thr-at1.arvanstorage.com
  version: 7.2.1
digest: sha256:c412bf5ce15b3273be214101ddb83374cfdfb17bfac18a44f7329552d5aaee03
generated: "2021-02-15T11:29:54.483852+03:30"
